# THIS IS AN AUTOGENERATED FILE. DO NOT EDIT THIS FILE DIRECTLY.
# yarn lockfile v1


resume-jlggross@^0.2.0:
  version "0.2.0"
  resolved "https://registry.yarnpkg.com/resume-jlggross/-/resume-jlggross-0.2.0.tgz#0909594b749b2b2a11dc258417a838d186b59d11"
  integrity sha512-CW9wfXnh+tLig1e2RGB4YBDpgvKss9o0Kky/JQlDFBIBdvxObalqTwV3Jk3hCpuKLHtomKa+b6OYz6gWeLDZ4g==
